<?xml version="1.0" encoding="UTF-8"?>
<Scheme
   version = "1.3">
   <BuildAction>
      <BuildActionEntries>
         <BuildActionEntry
            buildForRunning = "YES"
            buildForTesting = "YES">
            <BuildableReference
               BuildableIdentifier = "primary"
               BlueprintIdentifier = "368672D972BFC30CC7DC8BB4"
               BuildableName = "HotelReservationTests.octest"
               BlueprintName = "HotelReservationTests"
               ReferencedContainer = "container:HotelReservation.xcodeproj">
            </BuildableReference>
         </BuildActionEntry>
      </BuildActionEntries>
   </BuildAction>
   <TestAction
      buildConfiguration = "Debug">
      <Testables>
         <TestableReference>
            <BuildableReference
               BuildableIdentifier = "primary"
               BlueprintIdentifier = "368672D972BFC30CC7DC8BB4"
               BuildableName = "HotelReservationTests.octest"
               BlueprintName = "HotelReservationTests"
               ReferencedContainer = "container:HotelReservation.xcodeproj">
            </BuildableReference>
         </TestableReference>
      </Testables>
   </TestAction>
   <LaunchAction
      useCustomWorkingDirectory = "NO">
   </LaunchAction>
</Scheme>
